
Microsoft Visual Studio Solution File, Format Version 12.00
# Visual Studio Version 16
VisualStudioVersion = 16.0.29306.81
MinimumVisualStudioVersion = 10.0.40219.1
Project("{FAE04EC0-301F-11D3-BF4B-00C04F79EFBC}") = "SudokuWebApp", "SudokuWebApp\SudokuWebApp.csproj", "{5C192FB3-8B83-4581-B8B0-A867B3974627}"
EndProject
Global
	GlobalSection(SolutionConfigurationPlatforms) = preSolution
		Debug|Any CPU = Debug|Any CPU
		Release|Any CPU = Release|Any CPU
	EndGlobalSection
	GlobalSection(ProjectConfigurationPlatforms) = postSolution
		{5C192FB3-8B83-4581-B8B0-A867B3974627}.Debug|Any CPU.ActiveCfg = Debug|Any CPU
		{5C192FB3-8B83-4581-B8B0-A867B3974627}.Debug|Any CPU.Build.0 = Debug|Any CPU
		{5C192FB3-8B83-4581-B8B0-A867B3974627}.Release|Any CPU.ActiveCfg = Release|Any CPU
		{5C192FB3-8B83-4581-B8B0-A867B3974627}.Release|Any CPU.Build.0 = Release|Any CPU
	EndGlobalSection
	GlobalSection(SolutionProperties) = preSolution
		HideSolutionNode = FALSE
	EndGlobalSection
	GlobalSection(ExtensibilityGlobals) = postSolution
		SolutionGuid = {0647B098-8B46-46E5-96B8-EB20A1B20E9C}
	EndGlobalSection
EndGlobal
